// !$*UTF8*$!
{
	archiveVersion = 1;
	classes = {
	};
	objectVersion = 50;
	objects = {

/* Begin PBXBuildFile section */
		074D4FC32603C8D30055E73D /* Wallet.swift in Sources */ = {isa = PBXBuildFile; fileRef = 074D4FC22603C8D30055E73D /* Wallet.swift */; };
		3498C769260290C10063D4A3 /* Input.swift in Sources */ = {isa = PBXBuildFile; fileRef = 3498C768260290C10063D4A3 /* Input.swift */; };
		3498C76D2603CB8B0063D4A3 /* Terminal.swift in Sources */ = {isa = PBXBuildFile; fileRef = 3498C76C2603CB8B0063D4A3 /* Terminal.swift */; };
		34DFE04926012D0C007A75E8 /* main.swift in Sources */ = {isa = PBXBuildFile; fileRef = 34DFE04826012D0C007A75E8 /* main.swift */; };
		34DFE05126013A2E007A75E8 /* Talker.swift in Sources */ = {isa = PBXBuildFile; fileRef = 34DFE05026013A2E007A75E8 /* Talker.swift */; };
		34DFE05426013ACF007A75E8 /* Shell.swift in Sources */ = {isa = PBXBuildFile; fileRef = 34DFE05326013ACF007A75E8 /* Shell.swift */; };
		34DFE05726013C3A007A75E8 /* Printer.swift in Sources */ = {isa = PBXBuildFile; fileRef = 34DFE05626013C3A007A75E8 /* Printer.swift */; };
/* End PBXBuildFile section */

/* Begin PBXCopyFilesBuildPhase section */
		34DFE04326012D0C007A75E8 /* CopyFiles */ = {
			isa = PBXCopyFilesBuildPhase;
			buildActionMask = 2147483647;
			dstPath = /usr/share/man/man1/;
			dstSubfolderSpec = 0;
			files = (
			);
			runOnlyForDeploymentPostprocessing = 1;
		};
/* End PBXCopyFilesBuildPhase section */

/* Begin PBXFileReference section */
		074D4FC22603C8D30055E73D /* Wallet.swift */ = {isa = PBXFileReference; lastKnownFileType = sourcecode.swift; path = Wallet.swift; sourceTree = "<group>"; };
		3498C768260290C10063D4A3 /* Input.swift */ = {isa = PBXFileReference; lastKnownFileType = sourcecode.swift; path = Input.swift; sourceTree = "<group>"; };
		3498C76C2603CB8B0063D4A3 /* Terminal.swift */ = {isa = PBXFileReference; lastKnownFileType = sourcecode.swift; path = Terminal.swift; sourceTree = "<group>"; };
		34DFE04526012D0C007A75E8 /* Nano Terminal */ = {isa = PBXFileReference; explicitFileType = "compiled.mach-o.executable"; includeInIndex = 0; path = "Nano Terminal"; sourceTree = BUILT_PRODUCTS_DIR; };
		34DFE04826012D0C007A75E8 /* main.swift */ = {isa = PBXFileReference; lastKnownFileType = sourcecode.swift; path = main.swift; sourceTree = "<group>"; };
		34DFE05026013A2E007A75E8 /* Talker.swift */ = {isa = PBXFileReference; lastKnownFileType = sourcecode.swift; path = Talker.swift; sourceTree = "<group>"; };
		34DFE05326013ACF007A75E8 /* Shell.swift */ = {isa = PBXFileReference; lastKnownFileType = sourcecode.swift; path = Shell.swift; sourceTree = "<group>"; };
		34DFE05626013C3A007A75E8 /* Printer.swift */ = {isa = PBXFileReference; lastKnownFileType = sourcecode.swift; path = Printer.swift; sourceTree = "<group>"; };
/* End PBXFileReference section */

/* Begin PBXFrameworksBuildPhase section */
		34DFE04226012D0C007A75E8 /* Frameworks */ = {
			isa = PBXFrameworksBuildPhase;
			buildActionMask = 2147483647;
			files = (
			);
			runOnlyForDeploymentPostprocessing = 0;
		};
/* End PBXFrameworksBuildPhase section */

/* Begin PBXGroup section */
		34DFE03C26012D0C007A75E8 = {
			isa = PBXGroup;
			children = (
				34DFE04726012D0C007A75E8 /* Nano Terminal */,
				34DFE04626012D0C007A75E8 /* Products */,
			);
			sourceTree = "<group>";
		};
		34DFE04626012D0C007A75E8 /* Products */ = {
			isa = PBXGroup;
			children = (
				34DFE04526012D0C007A75E8 /* Nano Terminal */,
			);
			name = Products;
			sourceTree = "<group>";
		};
		34DFE04726012D0C007A75E8 /* Nano Terminal */ = {
			isa = PBXGroup;
			children = (
				34DFE04826012D0C007A75E8 /* main.swift */,
				34DFE05026013A2E007A75E8 /* Talker.swift */,
				34DFE05326013ACF007A75E8 /* Shell.swift */,
				34DFE05626013C3A007A75E8 /* Printer.swift */,
				3498C768260290C10063D4A3 /* Input.swift */,
				074D4FC22603C8D30055E73D /* Wallet.swift */,
				3498C76C2603CB8B0063D4A3 /* Terminal.swift */,
			);
			path = "Nano Terminal";
			sourceTree = "<group>";
		};
/* End PBXGroup section */

/* Begin PBXNativeTarget section */
		34DFE04426012D0C007A75E8 /* Nano Terminal */ = {
			isa = PBXNativeTarget;
			buildConfigurationList = 34DFE04C26012D0C007A75E8 /* Build configuration list for PBXNativeTarget "Nano Terminal" */;
			buildPhases = (
				34DFE04126012D0C007A75E8 /* Sources */,
				34DFE04226012D0C007A75E8 /* Frameworks */,
				34DFE04326012D0C007A75E8 /* CopyFiles */,
			);
			buildRules = (
			);
			dependencies = (
			);
			name = "Nano Terminal";
			productName = "Nano Terminal";
			productReference = 34DFE04526012D0C007A75E8 /* Nano Terminal */;
			productType = "com.apple.product-type.tool";
		};
/* End PBXNativeTarget section */

/* Begin PBXProject section */
		34DFE03D26012D0C007A75E8 /* Project object */ = {
			isa = PBXProject;
			attributes = {
				LastSwiftUpdateCheck = 1240;
				LastUpgradeCheck = 1240;
				TargetAttributes = {
					34DFE04426012D0C007A75E8 = {
						CreatedOnToolsVersion = 12.4;
					};
				};
			};
			buildConfigurationList = 34DFE04026012D0C007A75E8 /* Build configuration list for PBXProject "Nano Terminal" */;
			compatibilityVersion = "Xcode 9.3";
			developmentRegion = en;
			hasScannedForEncodings = 0;
			knownRegions = (
				en,
				Base,
			);
			mainGroup = 34DFE03C26012D0C007A75E8;
			productRefGroup = 34DFE04626012D0C007A75E8 /* Products */;
			projectDirPath = "";
			projectRoot = "";
			targets = (
				34DFE04426012D0C007A75E8 /* Nano Terminal */,
			);
		};
/* End PBXProject section */

/* Begin PBXSourcesBuildPhase section */
		34DFE04126012D0C007A75E8 /* Sources */ = {
			isa = PBXSourcesBuildPhase;
			buildActionMask = 2147483647;
			files = (
				074D4FC32603C8D30055E73D /* Wallet.swift in Sources */,
				3498C769260290C10063D4A3 /* Input.swift in Sources */,
				34DFE05726013C3A007A75E8 /* Printer.swift in Sources */,
				34DFE05426013ACF007A75E8 /* Shell.swift in Sources */,
				34DFE05126013A2E007A75E8 /* Talker.swift in Sources */,
				34DFE04926012D0C007A75E8 /* main.swift in Sources */,
				3498C76D2603CB8B0063D4A3 /* Terminal.swift in Sources */,
			);
			runOnlyForDeploymentPostprocessing = 0;
		};
/* End PBXSourcesBuildPhase section */

/* Begin XCBuildConfiguration section */
		34DFE04A26012D0C007A75E8 /* Debug */ = {
			isa = XCBuildConfiguration;
			buildSettings = {
				ALWAYS_SEARCH_USER_PATHS = NO;
				CLANG_ANALYZER_NONNULL = YES;
				CLANG_ANALYZER_NUMBER_OBJECT_CONVERSION = YES_AGGRESSIVE;
				CLANG_CXX_LANGUAGE_STANDARD = "gnu++14";
				CLANG_CXX_LIBRARY = "libc++";
				CLANG_ENABLE_MODULES = YES;
				CLANG_ENABLE_OBJC_ARC = YES;
				CLANG_ENABLE_OBJC_WEAK = YES;
				CLANG_WARN_BLOCK_CAPTURE_AUTORELEASING = YES;
				CLANG_WARN_BOOL_CONVERSION = YES;
				CLANG_WARN_COMMA = YES;
				CLANG_WARN_CONSTANT_CONVERSION = YES;
				CLANG_WARN_DEPRECATED_OBJC_IMPLEMENTATIONS = YES;
				CLANG_WARN_DIRECT_OBJC_ISA_USAGE = YES_ERROR;
				CLANG_WARN_DOCUMENTATION_COMMENTS = YES;
				CLANG_WARN_EMPTY_BODY = YES;
				CLANG_WARN_ENUM_CONVERSION = YES;
				CLANG_WARN_INFINITE_RECURSION = YES;
				CLANG_WARN_INT_CONVERSION = YES;
				CLANG_WARN_NON_LITERAL_NULL_CONVERSION = YES;
				CLANG_WARN_OBJC_IMPLICIT_RETAIN_SELF = YES;
				CLANG_WARN_OBJC_LITERAL_CONVERSION = YES;
				CLANG_WARN_OBJC_ROOT_CLASS = YES_ERROR;
				CLANG_WARN_QUOTED_INCLUDE_IN_FRAMEWORK_HEADER = YES;
				CLANG_WARN_RANGE_LOOP_ANALYSIS = YES;
				CLANG_WARN_STRICT_PROTOTYPES = YES;
				CLANG_WARN_SUSPICIOUS_MOVE = YES;
				CLANG_WARN_UNGUARDED_AVAILABILITY = YES_AGGRESSIVE;
				CLANG_WARN_UNREACHABLE_CODE = YES;
				CLANG_WARN__DUPLICATE_METHOD_MATCH = YES;
				COPY_PHASE_STRIP = NO;
				DEBUG_INFORMATION_FORMAT = dwarf;
				ENABLE_STRICT_OBJC_MSGSEND = YES;
				ENABLE_TESTABILITY = YES;
				GCC_C_LANGUAGE_STANDARD = gnu11;
				GCC_DYNAMIC_NO_PIC = NO;
				GCC_NO_COMMON_BLOCKS = YES;
				GCC_OPTIMIZATION_LEVEL = 0;
				GCC_PREPROCESSOR_DEFINITIONS = (
					"DEBUG=1",
					"$(inherited)",
				);
				GCC_WARN_64_TO_32_BIT_CONVERSION = YES;
				GCC_WARN_ABOUT_RETURN_TYPE = YES_ERROR;
				GCC_WARN_UNDECLARED_SELECTOR = YES;
				GCC_WARN_UNINITIALIZED_AUTOS = YES_AGGRESSIVE;
				GCC_WARN_UNUSED_FUNCTION = YES;
				GCC_WARN_UNUSED_VARIABLE = YES;
				MACOSX_DEPLOYMENT_TARGET = 11.1;
				MTL_ENABLE_DEBUG_INFO = INCLUDE_SOURCE;
				MTL_FAST_MATH = YES;
				ONLY_ACTIVE_ARCH = YES;
				SDKROOT = macosx;
				SWIFT_ACTIVE_COMPILATION_CONDITIONS = DEBUG;
				SWIFT_OPTIMIZATION_LEVEL = "-Onone";
			};
			name = Debug;
		};
		34DFE04B26012D0C007A75E8 /* Release */ = {
			isa = XCBuildConfiguration;
			buildSettings = {
				ALWAYS_SEARCH_USER_PATHS = NO;
				CLANG_ANALYZER_NONNULL = YES;
				CLANG_ANALYZER_NUMBER_OBJECT_CONVERSION = YES_AGGRESSIVE;
				CLANG_CXX_LANGUAGE_STANDARD = "gnu++14";
				CLANG_CXX_LIBRARY = "libc++";
				CLANG_ENABLE_MODULES = YES;
				CLANG_ENABLE_OBJC_ARC = YES;
				CLANG_ENABLE_OBJC_WEAK = YES;
				CLANG_WARN_BLOCK_CAPTURE_AUTORELEASING = YES;
				CLANG_WARN_BOOL_CONVERSION = YES;
				CLANG_WARN_COMMA = YES;
				CLANG_WARN_CONSTANT_CONVERSION = YES;
				CLANG_WARN_DEPRECATED_OBJC_IMPLEMENTATIONS = YES;
				CLANG_WARN_DIRECT_OBJC_ISA_USAGE = YES_ERROR;
				CLANG_WARN_DOCUMENTATION_COMMENTS = YES;
				CLANG_WARN_EMPTY_BODY = YES;
				CLANG_WARN_ENUM_CONVERSION = YES;
				CLANG_WARN_INFINITE_RECURSION = YES;
				CLANG_WARN_INT_CONVERSION = YES;
				CLANG_WARN_NON_LITERAL_NULL_CONVERSION = YES;
				CLANG_WARN_OBJC_IMPLICIT_RETAIN_SELF = YES;
				CLANG_WARN_OBJC_LITERAL_CONVERSION = YES;
				CLANG_WARN_OBJC_ROOT_CLASS = YES_ERROR;
				CLANG_WARN_QUOTED_INCLUDE_IN_FRAMEWORK_HEADER = YES;
				CLANG_WARN_RANGE_LOOP_ANALYSIS = YES;
				CLANG_WARN_STRICT_PROTOTYPES = YES;
				CLANG_WARN_SUSPICIOUS_MOVE = YES;
				CLANG_WARN_UNGUARDED_AVAILABILITY = YES_AGGRESSIVE;
				CLANG_WARN_UNREACHABLE_CODE = YES;
				CLANG_WARN__DUPLICATE_METHOD_MATCH = YES;
				COPY_PHASE_STRIP = NO;
				DEBUG_INFORMATION_FORMAT = "dwarf-with-dsym";
				ENABLE_NS_ASSERTIONS = NO;
				ENABLE_STRICT_OBJC_MSGSEND = YES;
				GCC_C_LANGUAGE_STANDARD = gnu11;
				GCC_NO_COMMON_BLOCKS = YES;
				GCC_WARN_64_TO_32_BIT_CONVERSION = YES;
				GCC_WARN_ABOUT_RETURN_TYPE = YES_ERROR;
				GCC_WARN_UNDECLARED_SELECTOR = YES;
				GCC_WARN_UNINITIALIZED_AUTOS = YES_AGGRESSIVE;
				GCC_WARN_UNUSED_FUNCTION = YES;
				GCC_WARN_UNUSED_VARIABLE = YES;
				MACOSX_DEPLOYMENT_TARGET = 11.1;
				MTL_ENABLE_DEBUG_INFO = NO;
				MTL_FAST_MATH = YES;
				SDKROOT = macosx;
				SWIFT_COMPILATION_MODE = wholemodule;
				SWIFT_OPTIMIZATION_LEVEL = "-O";
			};
			name = Release;
		};
		34DFE04D26012D0C007A75E8 /* Debug */ = {
			isa = XCBuildConfiguration;
			buildSettings = {
				CODE_SIGN_STYLE = Automatic;
				PRODUCT_NAME = "$(TARGET_NAME)";
				SWIFT_VERSION = 5.0;
			};
			name = Debug;
		};
		34DFE04E26012D0C007A75E8 /* Release */ = {
			isa = XCBuildConfiguration;
			buildSettings = {
				CODE_SIGN_STYLE = Automatic;
				PRODUCT_NAME = "$(TARGET_NAME)";
				SWIFT_VERSION = 5.0;
			};
			name = Release;
		};
/* End XCBuildConfiguration section */

/* Begin XCConfigurationList section */
		34DFE04026012D0C007A75E8 /* Build configuration list for PBXProject "Nano Terminal" */ = {
			isa = XCConfigurationList;
			buildConfigurations = (
				34DFE04A26012D0C007A75E8 /* Debug */,
				34DFE04B26012D0C007A75E8 /* Release */,
			);
			defaultConfigurationIsVisible = 0;
			defaultConfigurationName = Release;
		};
		34DFE04C26012D0C007A75E8 /* Build configuration list for PBXNativeTarget "Nano Terminal" */ = {
			isa = XCConfigurationList;
			buildConfigurations = (
				34DFE04D26012D0C007A75E8 /* Debug */,
				34DFE04E26012D0C007A75E8 /* Release */,
			);
			defaultConfigurationIsVisible = 0;
			defaultConfigurationName = Release;
		};
/* End XCConfigurationList section */
	};
	rootObject = 34DFE03D26012D0C007A75E8 /* Project object */;
}
